// !$*UTF8*$!
{
	archiveVersion = 1;
	classes = {
	};
	objectVersion = 50;
	objects = {

/* Begin PBXBuildFile section */
		8FB571BD25B72147007C28BC /* ZenTunerApp.swift in Sources */ = {isa = PBXBuildFile; fileRef = 8FB571AA25B72146007C28BC /* ZenTunerApp.swift */; };
		8FB571BE25B72147007C28BC /* ZenTunerApp.swift in Sources */ = {isa = PBXBuildFile; fileRef = 8FB571AA25B72146007C28BC /* ZenTunerApp.swift */; };
		8FB571BF25B72147007C28BC /* ContentView.swift in Sources */ = {isa = PBXBuildFile; fileRef = 8FB571AB25B72146007C28BC /* ContentView.swift */; };
		8FB571C025B72147007C28BC /* ContentView.swift in Sources */ = {isa = PBXBuildFile; fileRef = 8FB571AB25B72146007C28BC /* ContentView.swift */; };
		8FB571C125B72147007C28BC /* Assets.xcassets in Resources */ = {isa = PBXBuildFile; fileRef = 8FB571AC25B72147007C28BC /* Assets.xcassets */; };
		8FB571C225B72147007C28BC /* Assets.xcassets in Resources */ = {isa = PBXBuildFile; fileRef = 8FB571AC25B72147007C28BC /* Assets.xcassets */; };
/* End PBXBuildFile section */

/* Begin PBXFileReference section */
		8FB571AA25B72146007C28BC /* ZenTunerApp.swift */ = {isa = PBXFileReference; lastKnownFileType = sourcecode.swift; path = ZenTunerApp.swift; sourceTree = "<group>"; };
		8FB571AB25B72146007C28BC /* ContentView.swift */ = {isa = PBXFileReference; lastKnownFileType = sourcecode.swift; path = ContentView.swift; sourceTree = "<group>"; };
		8FB571AC25B72147007C28BC /* Assets.xcassets */ = {isa = PBXFileReference; lastKnownFileType = folder.assetcatalog; path = Assets.xcassets; sourceTree = "<group>"; };
		8FB571B125B72147007C28BC /* ZenTuner.app */ = {isa = PBXFileReference; explicitFileType = wrapper.application; includeInIndex = 0; path = ZenTuner.app; sourceTree = BUILT_PRODUCTS_DIR; };
		8FB571B425B72147007C28BC /* Info.plist */ = {isa = PBXFileReference; lastKnownFileType = text.plist.xml; path = Info.plist; sourceTree = "<group>"; };
		8FB571B925B72147007C28BC /* ZenTuner.app */ = {isa = PBXFileReference; explicitFileType = wrapper.application; includeInIndex = 0; path = ZenTuner.app; sourceTree = BUILT_PRODUCTS_DIR; };
		8FB571BB25B72147007C28BC /* Info.plist */ = {isa = PBXFileReference; lastKnownFileType = text.plist.xml; path = Info.plist; sourceTree = "<group>"; };
		8FB571BC25B72147007C28BC /* macOS.entitlements */ = {isa = PBXFileReference; lastKnownFileType = text.plist.entitlements; path = macOS.entitlements; sourceTree = "<group>"; };
/* End PBXFileReference section */

/* Begin PBXFrameworksBuildPhase section */
		8FB571AE25B72147007C28BC /* Frameworks */ = {
			isa = PBXFrameworksBuildPhase;
			buildActionMask = 2147483647;
			files = (
			);
			runOnlyForDeploymentPostprocessing = 0;
		};
		8FB571B625B72147007C28BC /* Frameworks */ = {
			isa = PBXFrameworksBuildPhase;
			buildActionMask = 2147483647;
			files = (
			);
			runOnlyForDeploymentPostprocessing = 0;
		};
/* End PBXFrameworksBuildPhase section */

/* Begin PBXGroup section */
		8FB571A425B72146007C28BC = {
			isa = PBXGroup;
			children = (
				8FB571A925B72146007C28BC /* Shared */,
				8FB571B325B72147007C28BC /* iOS */,
				8FB571BA25B72147007C28BC /* macOS */,
				8FB571B225B72147007C28BC /* Products */,
			);
			sourceTree = "<group>";
		};
		8FB571A925B72146007C28BC /* Shared */ = {
			isa = PBXGroup;
			children = (
				8FB571AA25B72146007C28BC /* ZenTunerApp.swift */,
				8FB571AB25B72146007C28BC /* ContentView.swift */,
				8FB571AC25B72147007C28BC /* Assets.xcassets */,
			);
			path = Shared;
			sourceTree = "<group>";
		};
		8FB571B225B72147007C28BC /* Products */ = {
			isa = PBXGroup;
			children = (
				8FB571B125B72147007C28BC /* ZenTuner.app */,
				8FB571B925B72147007C28BC /* ZenTuner.app */,
			);
			name = Products;
			sourceTree = "<group>";
		};
		8FB571B325B72147007C28BC /* iOS */ = {
			isa = PBXGroup;
			children = (
				8FB571B425B72147007C28BC /* Info.plist */,
			);
			path = iOS;
			sourceTree = "<group>";
		};
		8FB571BA25B72147007C28BC /* macOS */ = {
			isa = PBXGroup;
			children = (
				8FB571BB25B72147007C28BC /* Info.plist */,
				8FB571BC25B72147007C28BC /* macOS.entitlements */,
			);
			path = macOS;
			sourceTree = "<group>";
		};
/* End PBXGroup section */

/* Begin PBXNativeTarget section */
		8FB571B025B72147007C28BC /* ZenTuner (iOS) */ = {
			isa = PBXNativeTarget;
			buildConfigurationList = 8FB571C525B72147007C28BC /* Build configuration list for PBXNativeTarget "ZenTuner (iOS)" */;
			buildPhases = (
				8FB571AD25B72147007C28BC /* Sources */,
				8FB571AE25B72147007C28BC /* Frameworks */,
				8FB571AF25B72147007C28BC /* Resources */,
			);
			buildRules = (
			);
			dependencies = (
			);
			name = "ZenTuner (iOS)";
			productName = "ZenTuner (iOS)";
			productReference = 8FB571B125B72147007C28BC /* ZenTuner.app */;
			productType = "com.apple.product-type.application";
		};
		8FB571B825B72147007C28BC /* ZenTuner (macOS) */ = {
			isa = PBXNativeTarget;
			buildConfigurationList = 8FB571C825B72147007C28BC /* Build configuration list for PBXNativeTarget "ZenTuner (macOS)" */;
			buildPhases = (
				8FB571B525B72147007C28BC /* Sources */,
				8FB571B625B72147007C28BC /* Frameworks */,
				8FB571B725B72147007C28BC /* Resources */,
			);
			buildRules = (
			);
			dependencies = (
			);
			name = "ZenTuner (macOS)";
			productName = "ZenTuner (macOS)";
			productReference = 8FB571B925B72147007C28BC /* ZenTuner.app */;
			productType = "com.apple.product-type.application";
		};
/* End PBXNativeTarget section */

/* Begin PBXProject section */
		8FB571A525B72146007C28BC /* Project object */ = {
			isa = PBXProject;
			attributes = {
				LastSwiftUpdateCheck = 1220;
				LastUpgradeCheck = 1220;
				TargetAttributes = {
					8FB571B025B72147007C28BC = {
						CreatedOnToolsVersion = 12.2;
					};
					8FB571B825B72147007C28BC = {
						CreatedOnToolsVersion = 12.2;
					};
				};
			};
			buildConfigurationList = 8FB571A825B72146007C28BC /* Build configuration list for PBXProject "ZenTuner" */;
			compatibilityVersion = "Xcode 9.3";
			developmentRegion = en;
			hasScannedForEncodings = 0;
			knownRegions = (
				en,
				Base,
			);
			mainGroup = 8FB571A425B72146007C28BC;
			productRefGroup = 8FB571B225B72147007C28BC /* Products */;
			projectDirPath = "";
			projectRoot = "";
			targets = (
				8FB571B025B72147007C28BC /* ZenTuner (iOS) */,
				8FB571B825B72147007C28BC /* ZenTuner (macOS) */,
			);
		};
/* End PBXProject section */

/* Begin PBXResourcesBuildPhase section */
		8FB571AF25B72147007C28BC /* Resources */ = {
			isa = PBXResourcesBuildPhase;
			buildActionMask = 2147483647;
			files = (
				8FB571C125B72147007C28BC /* Assets.xcassets in Resources */,
			);
			runOnlyForDeploymentPostprocessing = 0;
		};
		8FB571B725B72147007C28BC /* Resources */ = {
			isa = PBXResourcesBuildPhase;
			buildActionMask = 2147483647;
			files = (
				8FB571C225B72147007C28BC /* Assets.xcassets in Resources */,
			);
			runOnlyForDeploymentPostprocessing = 0;
		};
/* End PBXResourcesBuildPhase section */

/* Begin PBXSourcesBuildPhase section */
		8FB571AD25B72147007C28BC /* Sources */ = {
			isa = PBXSourcesBuildPhase;
			buildActionMask = 2147483647;
			files = (
				8FB571BF25B72147007C28BC /* ContentView.swift in Sources */,
				8FB571BD25B72147007C28BC /* ZenTunerApp.swift in Sources */,
			);
			runOnlyForDeploymentPostprocessing = 0;
		};
		8FB571B525B72147007C28BC /* Sources */ = {
			isa = PBXSourcesBuildPhase;
			buildActionMask = 2147483647;
			files = (
				8FB571C025B72147007C28BC /* ContentView.swift in Sources */,
				8FB571BE25B72147007C28BC /* ZenTunerApp.swift in Sources */,
			);
			runOnlyForDeploymentPostprocessing = 0;
		};
/* End PBXSourcesBuildPhase section */

/* Begin XCBuildConfiguration section */
		8FB571C325B72147007C28BC /* Debug */ = {
			isa = XCBuildConfiguration;
			buildSettings = {
				ALWAYS_SEARCH_USER_PATHS = NO;
				CLANG_ANALYZER_NONNULL = YES;
				CLANG_ANALYZER_NUMBER_OBJECT_CONVERSION = YES_AGGRESSIVE;
				CLANG_CXX_LANGUAGE_STANDARD = "gnu++14";
				CLANG_CXX_LIBRARY = "libc++";
				CLANG_ENABLE_MODULES = YES;
				CLANG_ENABLE_OBJC_ARC = YES;
				CLANG_ENABLE_OBJC_WEAK = YES;
				CLANG_WARN_BLOCK_CAPTURE_AUTORELEASING = YES;
				CLANG_WARN_BOOL_CONVERSION = YES;
				CLANG_WARN_COMMA = YES;
				CLANG_WARN_CONSTANT_CONVERSION = YES;
				CLANG_WARN_DEPRECATED_OBJC_IMPLEMENTATIONS = YES;
				CLANG_WARN_DIRECT_OBJC_ISA_USAGE = YES_ERROR;
				CLANG_WARN_DOCUMENTATION_COMMENTS = YES;
				CLANG_WARN_EMPTY_BODY = YES;
				CLANG_WARN_ENUM_CONVERSION = YES;
				CLANG_WARN_INFINITE_RECURSION = YES;
				CLANG_WARN_INT_CONVERSION = YES;
				CLANG_WARN_NON_LITERAL_NULL_CONVERSION = YES;
				CLANG_WARN_OBJC_IMPLICIT_RETAIN_SELF = YES;
				CLANG_WARN_OBJC_LITERAL_CONVERSION = YES;
				CLANG_WARN_OBJC_ROOT_CLASS = YES_ERROR;
				CLANG_WARN_QUOTED_INCLUDE_IN_FRAMEWORK_HEADER = YES;
				CLANG_WARN_RANGE_LOOP_ANALYSIS = YES;
				CLANG_WARN_STRICT_PROTOTYPES = YES;
				CLANG_WARN_SUSPICIOUS_MOVE = YES;
				CLANG_WARN_UNGUARDED_AVAILABILITY = YES_AGGRESSIVE;
				CLANG_WARN_UNREACHABLE_CODE = YES;
				CLANG_WARN__DUPLICATE_METHOD_MATCH = YES;
				COPY_PHASE_STRIP = NO;
				DEBUG_INFORMATION_FORMAT = dwarf;
				ENABLE_STRICT_OBJC_MSGSEND = YES;
				ENABLE_TESTABILITY = YES;
				GCC_C_LANGUAGE_STANDARD = gnu11;
				GCC_DYNAMIC_NO_PIC = NO;
				GCC_NO_COMMON_BLOCKS = YES;
				GCC_OPTIMIZATION_LEVEL = 0;
				GCC_PREPROCESSOR_DEFINITIONS = (
					"DEBUG=1",
					"$(inherited)",
				);
				GCC_WARN_64_TO_32_BIT_CONVERSION = YES;
				GCC_WARN_ABOUT_RETURN_TYPE = YES_ERROR;
				GCC_WARN_UNDECLARED_SELECTOR = YES;
				GCC_WARN_UNINITIALIZED_AUTOS = YES_AGGRESSIVE;
				GCC_WARN_UNUSED_FUNCTION = YES;
				GCC_WARN_UNUSED_VARIABLE = YES;
				MTL_ENABLE_DEBUG_INFO = INCLUDE_SOURCE;
				MTL_FAST_MATH = YES;
				ONLY_ACTIVE_ARCH = YES;
				SWIFT_ACTIVE_COMPILATION_CONDITIONS = DEBUG;
				SWIFT_OPTIMIZATION_LEVEL = "-Onone";
			};
			name = Debug;
		};
		8FB571C425B72147007C28BC /* Release */ = {
			isa = XCBuildConfiguration;
			buildSettings = {
				ALWAYS_SEARCH_USER_PATHS = NO;
				CLANG_ANALYZER_NONNULL = YES;
				CLANG_ANALYZER_NUMBER_OBJECT_CONVERSION = YES_AGGRESSIVE;
				CLANG_CXX_LANGUAGE_STANDARD = "gnu++14";
				CLANG_CXX_LIBRARY = "libc++";
				CLANG_ENABLE_MODULES = YES;
				CLANG_ENABLE_OBJC_ARC = YES;
				CLANG_ENABLE_OBJC_WEAK = YES;
				CLANG_WARN_BLOCK_CAPTURE_AUTORELEASING = YES;
				CLANG_WARN_BOOL_CONVERSION = YES;
				CLANG_WARN_COMMA = YES;
				CLANG_WARN_CONSTANT_CONVERSION = YES;
				CLANG_WARN_DEPRECATED_OBJC_IMPLEMENTATIONS = YES;
				CLANG_WARN_DIRECT_OBJC_ISA_USAGE = YES_ERROR;
				CLANG_WARN_DOCUMENTATION_COMMENTS = YES;
				CLANG_WARN_EMPTY_BODY = YES;
				CLANG_WARN_ENUM_CONVERSION = YES;
				CLANG_WARN_INFINITE_RECURSION = YES;
				CLANG_WARN_INT_CONVERSION = YES;
				CLANG_WARN_NON_LITERAL_NULL_CONVERSION = YES;
				CLANG_WARN_OBJC_IMPLICIT_RETAIN_SELF = YES;
				CLANG_WARN_OBJC_LITERAL_CONVERSION = YES;
				CLANG_WARN_OBJC_ROOT_CLASS = YES_ERROR;
				CLANG_WARN_QUOTED_INCLUDE_IN_FRAMEWORK_HEADER = YES;
				CLANG_WARN_RANGE_LOOP_ANALYSIS = YES;
				CLANG_WARN_STRICT_PROTOTYPES = YES;
				CLANG_WARN_SUSPICIOUS_MOVE = YES;
				CLANG_WARN_UNGUARDED_AVAILABILITY = YES_AGGRESSIVE;
				CLANG_WARN_UNREACHABLE_CODE = YES;
				CLANG_WARN__DUPLICATE_METHOD_MATCH = YES;
				COPY_PHASE_STRIP = NO;
				DEBUG_INFORMATION_FORMAT = "dwarf-with-dsym";
				ENABLE_NS_ASSERTIONS = NO;
				ENABLE_STRICT_OBJC_MSGSEND = YES;
				GCC_C_LANGUAGE_STANDARD = gnu11;
				GCC_NO_COMMON_BLOCKS = YES;
				GCC_WARN_64_TO_32_BIT_CONVERSION = YES;
				GCC_WARN_ABOUT_RETURN_TYPE = YES_ERROR;
				GCC_WARN_UNDECLARED_SELECTOR = YES;
				GCC_WARN_UNINITIALIZED_AUTOS = YES_AGGRESSIVE;
				GCC_WARN_UNUSED_FUNCTION = YES;
				GCC_WARN_UNUSED_VARIABLE = YES;
				MTL_ENABLE_DEBUG_INFO = NO;
				MTL_FAST_MATH = YES;
				SWIFT_COMPILATION_MODE = wholemodule;
				SWIFT_OPTIMIZATION_LEVEL = "-O";
			};
			name = Release;
		};
		8FB571C625B72147007C28BC /* Debug */ = {
			isa = XCBuildConfiguration;
			buildSettings = {
				ASSETCATALOG_COMPILER_APPICON_NAME = AppIcon;
				ASSETCATALOG_COMPILER_GLOBAL_ACCENT_COLOR_NAME = AccentColor;
				CODE_SIGN_STYLE = Automatic;
				DEVELOPMENT_TEAM = X4ST43AL9W;
				ENABLE_PREVIEWS = YES;
				INFOPLIST_FILE = iOS/Info.plist;
				IPHONEOS_DEPLOYMENT_TARGET = 14.0;
				LD_RUNPATH_SEARCH_PATHS = (
					"$(inherited)",
					"@executable_path/Frameworks",
				);
				PRODUCT_BUNDLE_IDENTIFIER = com.jpsim.ZenTuner;
				PRODUCT_NAME = ZenTuner;
				SDKROOT = iphoneos;
				SWIFT_VERSION = 5.0;
				TARGETED_DEVICE_FAMILY = "1,2";
			};
			name = Debug;
		};
		8FB571C725B72147007C28BC /* Release */ = {
			isa = XCBuildConfiguration;
			buildSettings = {
				ASSETCATALOG_COMPILER_APPICON_NAME = AppIcon;
				ASSETCATALOG_COMPILER_GLOBAL_ACCENT_COLOR_NAME = AccentColor;
				CODE_SIGN_STYLE = Automatic;
				DEVELOPMENT_TEAM = X4ST43AL9W;
				ENABLE_PREVIEWS = YES;
				INFOPLIST_FILE = iOS/Info.plist;
				IPHONEOS_DEPLOYMENT_TARGET = 14.0;
				LD_RUNPATH_SEARCH_PATHS = (
					"$(inherited)",
					"@executable_path/Frameworks",
				);
				PRODUCT_BUNDLE_IDENTIFIER = com.jpsim.ZenTuner;
				PRODUCT_NAME = ZenTuner;
				SDKROOT = iphoneos;
				SWIFT_VERSION = 5.0;
				TARGETED_DEVICE_FAMILY = "1,2";
				VALIDATE_PRODUCT = YES;
			};
			name = Release;
		};
		8FB571C925B72147007C28BC /* Debug */ = {
			isa = XCBuildConfiguration;
			buildSettings = {
				ASSETCATALOG_COMPILER_APPICON_NAME = AppIcon;
				ASSETCATALOG_COMPILER_GLOBAL_ACCENT_COLOR_NAME = AccentColor;
				CODE_SIGN_ENTITLEMENTS = macOS/macOS.entitlements;
				CODE_SIGN_STYLE = Automatic;
				COMBINE_HIDPI_IMAGES = YES;
				DEVELOPMENT_TEAM = X4ST43AL9W;
				ENABLE_HARDENED_RUNTIME = YES;
				ENABLE_PREVIEWS = YES;
				INFOPLIST_FILE = macOS/Info.plist;
				LD_RUNPATH_SEARCH_PATHS = (
					"$(inherited)",
					"@executable_path/../Frameworks",
				);
				MACOSX_DEPLOYMENT_TARGET = 11.0;
				PRODUCT_BUNDLE_IDENTIFIER = com.jpsim.ZenTuner;
				PRODUCT_NAME = ZenTuner;
				SDKROOT = macosx;
				SWIFT_VERSION = 5.0;
			};
			name = Debug;
		};
		8FB571CA25B72147007C28BC /* Release */ = {
			isa = XCBuildConfiguration;
			buildSettings = {
				ASSETCATALOG_COMPILER_APPICON_NAME = AppIcon;
				ASSETCATALOG_COMPILER_GLOBAL_ACCENT_COLOR_NAME = AccentColor;
				CODE_SIGN_ENTITLEMENTS = macOS/macOS.entitlements;
				CODE_SIGN_STYLE = Automatic;
				COMBINE_HIDPI_IMAGES = YES;
				DEVELOPMENT_TEAM = X4ST43AL9W;
				ENABLE_HARDENED_RUNTIME = YES;
				ENABLE_PREVIEWS = YES;
				INFOPLIST_FILE = macOS/Info.plist;
				LD_RUNPATH_SEARCH_PATHS = (
					"$(inherited)",
					"@executable_path/../Frameworks",
				);
				MACOSX_DEPLOYMENT_TARGET = 11.0;
				PRODUCT_BUNDLE_IDENTIFIER = com.jpsim.ZenTuner;
				PRODUCT_NAME = ZenTuner;
				SDKROOT = macosx;
				SWIFT_VERSION = 5.0;
			};
			name = Release;
		};
/* End XCBuildConfiguration section */

/* Begin XCConfigurationList section */
		8FB571A825B72146007C28BC /* Build configuration list for PBXProject "ZenTuner" */ = {
			isa = XCConfigurationList;
			buildConfigurations = (
				8FB571C325B72147007C28BC /* Debug */,
				8FB571C425B72147007C28BC /* Release */,
			);
			defaultConfigurationIsVisible = 0;
			defaultConfigurationName = Release;
		};
		8FB571C525B72147007C28BC /* Build configuration list for PBXNativeTarget "ZenTuner (iOS)" */ = {
			isa = XCConfigurationList;
			buildConfigurations = (
				8FB571C625B72147007C28BC /* Debug */,
				8FB571C725B72147007C28BC /* Release */,
			);
			defaultConfigurationIsVisible = 0;
			defaultConfigurationName = Release;
		};
		8FB571C825B72147007C28BC /* Build configuration list for PBXNativeTarget "ZenTuner (macOS)" */ = {
			isa = XCConfigurationList;
			buildConfigurations = (
				8FB571C925B72147007C28BC /* Debug */,
				8FB571CA25B72147007C28BC /* Release */,
			);
			defaultConfigurationIsVisible = 0;
			defaultConfigurationName = Release;
		};
/* End XCConfigurationList section */
	};
	rootObject = 8FB571A525B72146007C28BC /* Project object */;
}
