// !$*UTF8*$!
{
	archiveVersion = 1;
	classes = {
	};
	objectVersion = 52;
	objects = {

/* Begin PBXBuildFile section */
		8F13E1B625ED345700C3F23D /* ColorAnimation.swift in Sources */ = {isa = PBXBuildFile; fileRef = 8F13E1B525ED345700C3F23D /* ColorAnimation.swift */; };
		8F13E1B725ED345700C3F23D /* ColorAnimation.swift in Sources */ = {isa = PBXBuildFile; fileRef = 8F13E1B525ED345700C3F23D /* ColorAnimation.swift */; };
		8F13E1C225ED533800C3F23D /* ClosestNoteTests.swift in Sources */ = {isa = PBXBuildFile; fileRef = 8F13E1C125ED533800C3F23D /* ClosestNoteTests.swift */; };
		8F3ECD042682821E00415B9F /* Zen Tuner WatchKit Extension.appex in Embed App Extensions */ = {isa = PBXBuildFile; fileRef = 8F3ECD032682821E00415B9F /* Zen Tuner WatchKit Extension.appex */; settings = {ATTRIBUTES = (RemoveHeadersOnCopy, ); }; };
		8F3ECD1F2682834700415B9F /* ModifierPreference.swift in Sources */ = {isa = PBXBuildFile; fileRef = 8FB571D825B73E9A007C28BC /* ModifierPreference.swift */; };
		8F3ECD202682834700415B9F /* TunerData.swift in Sources */ = {isa = PBXBuildFile; fileRef = 8FB571DB25B73E9A007C28BC /* TunerData.swift */; };
		8F3ECD212682834700415B9F /* Frequency.swift in Sources */ = {isa = PBXBuildFile; fileRef = 8FB571D925B73E9A007C28BC /* Frequency.swift */; };
		8F3ECD222682834700415B9F /* ScaleNote.swift in Sources */ = {isa = PBXBuildFile; fileRef = 8FB571DA25B73E9A007C28BC /* ScaleNote.swift */; };
		8F3ECD232682837800415B9F /* Alignment.swift in Sources */ = {isa = PBXBuildFile; fileRef = 8FB571DE25B73E9A007C28BC /* Alignment.swift */; };
		8F3ECD252682838D00415B9F /* NoteDistanceMarkers.swift in Sources */ = {isa = PBXBuildFile; fileRef = 8FB571F325B73ECF007C28BC /* NoteDistanceMarkers.swift */; };
		8F3ECD262682838D00415B9F /* MatchedNoteView.swift in Sources */ = {isa = PBXBuildFile; fileRef = 8FB571F125B73ECE007C28BC /* MatchedNoteView.swift */; };
		8F3ECD272682838D00415B9F /* CurrentNoteMarker.swift in Sources */ = {isa = PBXBuildFile; fileRef = 8FB571EF25B73ECE007C28BC /* CurrentNoteMarker.swift */; };
		8F3ECD282682838D00415B9F /* MainNoteView.swift in Sources */ = {isa = PBXBuildFile; fileRef = 8FB571F025B73ECE007C28BC /* MainNoteView.swift */; };
		8F3ECD292682838D00415B9F /* MatchedNoteFrequency.swift in Sources */ = {isa = PBXBuildFile; fileRef = 8FB571F225B73ECF007C28BC /* MatchedNoteFrequency.swift */; };
		8F3ECD2A2682838D00415B9F /* TunerView.swift in Sources */ = {isa = PBXBuildFile; fileRef = 8FB571F425B73ECF007C28BC /* TunerView.swift */; };
		8F3ECD2B2682843400415B9F /* ColorAnimation.swift in Sources */ = {isa = PBXBuildFile; fileRef = 8F13E1B525ED345700C3F23D /* ColorAnimation.swift */; };
		8F3ECD2C268284AC00415B9F /* ZenTunerApp.swift in Sources */ = {isa = PBXBuildFile; fileRef = 8FB571AA25B72146007C28BC /* ZenTunerApp.swift */; };
		8F3ECD2E268287AA00415B9F /* MicrophonePitchDetector in Frameworks */ = {isa = PBXBuildFile; productRef = 8F3ECD2D268287AA00415B9F /* MicrophonePitchDetector */; };
		8F693E3925B87DB20054DB16 /* TranspositionMenu.swift in Sources */ = {isa = PBXBuildFile; fileRef = 8F693E3825B87DB20054DB16 /* TranspositionMenu.swift */; };
		8F693E3A25B87DB20054DB16 /* TranspositionMenu.swift in Sources */ = {isa = PBXBuildFile; fileRef = 8F693E3825B87DB20054DB16 /* TranspositionMenu.swift */; };
		8F8F67C525C093640024B4CB /* SnapshotTesting in Frameworks */ = {isa = PBXBuildFile; productRef = 8F8F67C425C093640024B4CB /* SnapshotTesting */; };
		8F8F67CD25C0938F0024B4CB /* TunerViewSnapshotTests.swift in Sources */ = {isa = PBXBuildFile; fileRef = 8F8F67CC25C0938F0024B4CB /* TunerViewSnapshotTests.swift */; };
		8FABB9102683AAD000A7D824 /* Assets.xcassets in Resources */ = {isa = PBXBuildFile; fileRef = 8FB571AC25B72147007C28BC /* Assets.xcassets */; };
		8FB571BD25B72147007C28BC /* ZenTunerApp.swift in Sources */ = {isa = PBXBuildFile; fileRef = 8FB571AA25B72146007C28BC /* ZenTunerApp.swift */; };
		8FB571BE25B72147007C28BC /* ZenTunerApp.swift in Sources */ = {isa = PBXBuildFile; fileRef = 8FB571AA25B72146007C28BC /* ZenTunerApp.swift */; };
		8FB571C125B72147007C28BC /* Assets.xcassets in Resources */ = {isa = PBXBuildFile; fileRef = 8FB571AC25B72147007C28BC /* Assets.xcassets */; };
		8FB571C225B72147007C28BC /* Assets.xcassets in Resources */ = {isa = PBXBuildFile; fileRef = 8FB571AC25B72147007C28BC /* Assets.xcassets */; };
		8FB571DF25B73E9A007C28BC /* ModifierPreference.swift in Sources */ = {isa = PBXBuildFile; fileRef = 8FB571D825B73E9A007C28BC /* ModifierPreference.swift */; };
		8FB571E025B73E9A007C28BC /* ModifierPreference.swift in Sources */ = {isa = PBXBuildFile; fileRef = 8FB571D825B73E9A007C28BC /* ModifierPreference.swift */; };
		8FB571E125B73E9A007C28BC /* Frequency.swift in Sources */ = {isa = PBXBuildFile; fileRef = 8FB571D925B73E9A007C28BC /* Frequency.swift */; };
		8FB571E225B73E9A007C28BC /* Frequency.swift in Sources */ = {isa = PBXBuildFile; fileRef = 8FB571D925B73E9A007C28BC /* Frequency.swift */; };
		8FB571E325B73E9A007C28BC /* ScaleNote.swift in Sources */ = {isa = PBXBuildFile; fileRef = 8FB571DA25B73E9A007C28BC /* ScaleNote.swift */; };
		8FB571E425B73E9A007C28BC /* ScaleNote.swift in Sources */ = {isa = PBXBuildFile; fileRef = 8FB571DA25B73E9A007C28BC /* ScaleNote.swift */; };
		8FB571E525B73E9A007C28BC /* TunerData.swift in Sources */ = {isa = PBXBuildFile; fileRef = 8FB571DB25B73E9A007C28BC /* TunerData.swift */; };
		8FB571E625B73E9A007C28BC /* TunerData.swift in Sources */ = {isa = PBXBuildFile; fileRef = 8FB571DB25B73E9A007C28BC /* TunerData.swift */; };
		8FB571E925B73E9A007C28BC /* Alignment.swift in Sources */ = {isa = PBXBuildFile; fileRef = 8FB571DE25B73E9A007C28BC /* Alignment.swift */; };
		8FB571EA25B73E9A007C28BC /* Alignment.swift in Sources */ = {isa = PBXBuildFile; fileRef = 8FB571DE25B73E9A007C28BC /* Alignment.swift */; };
		8FB571F525B73ECF007C28BC /* CurrentNoteMarker.swift in Sources */ = {isa = PBXBuildFile; fileRef = 8FB571EF25B73ECE007C28BC /* CurrentNoteMarker.swift */; };
		8FB571F625B73ECF007C28BC /* CurrentNoteMarker.swift in Sources */ = {isa = PBXBuildFile; fileRef = 8FB571EF25B73ECE007C28BC /* CurrentNoteMarker.swift */; };
		8FB571F725B73ECF007C28BC /* MainNoteView.swift in Sources */ = {isa = PBXBuildFile; fileRef = 8FB571F025B73ECE007C28BC /* MainNoteView.swift */; };
		8FB571F825B73ECF007C28BC /* MainNoteView.swift in Sources */ = {isa = PBXBuildFile; fileRef = 8FB571F025B73ECE007C28BC /* MainNoteView.swift */; };
		8FB571F925B73ECF007C28BC /* MatchedNoteView.swift in Sources */ = {isa = PBXBuildFile; fileRef = 8FB571F125B73ECE007C28BC /* MatchedNoteView.swift */; };
		8FB571FA25B73ECF007C28BC /* MatchedNoteView.swift in Sources */ = {isa = PBXBuildFile; fileRef = 8FB571F125B73ECE007C28BC /* MatchedNoteView.swift */; };
		8FB571FB25B73ECF007C28BC /* MatchedNoteFrequency.swift in Sources */ = {isa = PBXBuildFile; fileRef = 8FB571F225B73ECF007C28BC /* MatchedNoteFrequency.swift */; };
		8FB571FC25B73ECF007C28BC /* MatchedNoteFrequency.swift in Sources */ = {isa = PBXBuildFile; fileRef = 8FB571F225B73ECF007C28BC /* MatchedNoteFrequency.swift */; };
		8FB571FD25B73ECF007C28BC /* NoteDistanceMarkers.swift in Sources */ = {isa = PBXBuildFile; fileRef = 8FB571F325B73ECF007C28BC /* NoteDistanceMarkers.swift */; };
		8FB571FE25B73ECF007C28BC /* NoteDistanceMarkers.swift in Sources */ = {isa = PBXBuildFile; fileRef = 8FB571F325B73ECF007C28BC /* NoteDistanceMarkers.swift */; };
		8FB571FF25B73ECF007C28BC /* TunerView.swift in Sources */ = {isa = PBXBuildFile; fileRef = 8FB571F425B73ECF007C28BC /* TunerView.swift */; };
		8FB5720025B73ECF007C28BC /* TunerView.swift in Sources */ = {isa = PBXBuildFile; fileRef = 8FB571F425B73ECF007C28BC /* TunerView.swift */; };
		8FD5D594267849EF00E5577D /* MicrophonePitchDetector in Frameworks */ = {isa = PBXBuildFile; productRef = 8FD5D593267849EF00E5577D /* MicrophonePitchDetector */; };
		8FD5D596267849F500E5577D /* MicrophonePitchDetector in Frameworks */ = {isa = PBXBuildFile; productRef = 8FD5D595267849F500E5577D /* MicrophonePitchDetector */; };
		8FE56CDD25BE05D20038664C /* TranspositionTests.swift in Sources */ = {isa = PBXBuildFile; fileRef = 8FE56CDC25BE05D20038664C /* TranspositionTests.swift */; };
/* End PBXBuildFile section */

/* Begin PBXContainerItemProxy section */
		8F3ECD052682821E00415B9F /* PBXContainerItemProxy */ = {
			isa = PBXContainerItemProxy;
			containerPortal = 8FB571A525B72146007C28BC /* Project object */;
			proxyType = 1;
			remoteGlobalIDString = 8F3ECD022682821E00415B9F;
			remoteInfo = "Zen Tuner WatchKit Extension";
		};
		8FE56CDF25BE05D20038664C /* PBXContainerItemProxy */ = {
			isa = PBXContainerItemProxy;
			containerPortal = 8FB571A525B72146007C28BC /* Project object */;
			proxyType = 1;
			remoteGlobalIDString = 8FB571B025B72147007C28BC;
			remoteInfo = "ZenTuner (iOS)";
		};
/* End PBXContainerItemProxy section */

/* Begin PBXCopyFilesBuildPhase section */
		8F3ECD192682822100415B9F /* Embed App Extensions */ = {
			isa = PBXCopyFilesBuildPhase;
			buildActionMask = 2147483647;
			dstPath = "";
			dstSubfolderSpec = 13;
			files = (
				8F3ECD042682821E00415B9F /* Zen Tuner WatchKit Extension.appex in Embed App Extensions */,
			);
			name = "Embed App Extensions";
			runOnlyForDeploymentPostprocessing = 0;
		};
/* End PBXCopyFilesBuildPhase section */

/* Begin PBXFileReference section */
		8F13E1B525ED345700C3F23D /* ColorAnimation.swift */ = {isa = PBXFileReference; lastKnownFileType = sourcecode.swift; path = ColorAnimation.swift; sourceTree = "<group>"; };
		8F13E1C125ED533800C3F23D /* ClosestNoteTests.swift */ = {isa = PBXFileReference; fileEncoding = 4; lastKnownFileType = sourcecode.swift; path = ClosestNoteTests.swift; sourceTree = "<group>"; };
		8F3ECCF82682821900415B9F /* Zen Tuner WatchKit App.app */ = {isa = PBXFileReference; explicitFileType = wrapper.application; includeInIndex = 0; path = "Zen Tuner WatchKit App.app"; sourceTree = BUILT_PRODUCTS_DIR; };
		8F3ECD032682821E00415B9F /* Zen Tuner WatchKit Extension.appex */ = {isa = PBXFileReference; explicitFileType = "wrapper.app-extension"; includeInIndex = 0; path = "Zen Tuner WatchKit Extension.appex"; sourceTree = BUILT_PRODUCTS_DIR; };
		8F3ECD132682822100415B9F /* Info.plist */ = {isa = PBXFileReference; lastKnownFileType = text.plist.xml; path = Info.plist; sourceTree = "<group>"; };
		8F3ECD2F26828B3400415B9F /* Info.plist */ = {isa = PBXFileReference; lastKnownFileType = text.plist.xml; path = Info.plist; sourceTree = "<group>"; };
		8F693E3825B87DB20054DB16 /* TranspositionMenu.swift */ = {isa = PBXFileReference; lastKnownFileType = sourcecode.swift; path = TranspositionMenu.swift; sourceTree = "<group>"; };
		8F8F67CC25C0938F0024B4CB /* TunerViewSnapshotTests.swift */ = {isa = PBXFileReference; fileEncoding = 4; lastKnownFileType = sourcecode.swift; path = TunerViewSnapshotTests.swift; sourceTree = "<group>"; };
		8FB571AA25B72146007C28BC /* ZenTunerApp.swift */ = {isa = PBXFileReference; lastKnownFileType = sourcecode.swift; path = ZenTunerApp.swift; sourceTree = "<group>"; };
		8FB571AC25B72147007C28BC /* Assets.xcassets */ = {isa = PBXFileReference; lastKnownFileType = folder.assetcatalog; path = Assets.xcassets; sourceTree = "<group>"; };
		8FB571B125B72147007C28BC /* ZenTuner.app */ = {isa = PBXFileReference; explicitFileType = wrapper.application; includeInIndex = 0; path = ZenTuner.app; sourceTree = BUILT_PRODUCTS_DIR; };
		8FB571B425B72147007C28BC /* Info.plist */ = {isa = PBXFileReference; lastKnownFileType = text.plist.xml; path = Info.plist; sourceTree = "<group>"; };
		8FB571B925B72147007C28BC /* ZenTuner.app */ = {isa = PBXFileReference; explicitFileType = wrapper.application; includeInIndex = 0; path = ZenTuner.app; sourceTree = BUILT_PRODUCTS_DIR; };
		8FB571BB25B72147007C28BC /* Info.plist */ = {isa = PBXFileReference; lastKnownFileType = text.plist.xml; path = Info.plist; sourceTree = "<group>"; };
		8FB571BC25B72147007C28BC /* macOS.entitlements */ = {isa = PBXFileReference; lastKnownFileType = text.plist.entitlements; path = macOS.entitlements; sourceTree = "<group>"; };
		8FB571D825B73E9A007C28BC /* ModifierPreference.swift */ = {isa = PBXFileReference; fileEncoding = 4; lastKnownFileType = sourcecode.swift; path = ModifierPreference.swift; sourceTree = "<group>"; };
		8FB571D925B73E9A007C28BC /* Frequency.swift */ = {isa = PBXFileReference; fileEncoding = 4; lastKnownFileType = sourcecode.swift; path = Frequency.swift; sourceTree = "<group>"; };
		8FB571DA25B73E9A007C28BC /* ScaleNote.swift */ = {isa = PBXFileReference; fileEncoding = 4; lastKnownFileType = sourcecode.swift; path = ScaleNote.swift; sourceTree = "<group>"; };
		8FB571DB25B73E9A007C28BC /* TunerData.swift */ = {isa = PBXFileReference; fileEncoding = 4; lastKnownFileType = sourcecode.swift; path = TunerData.swift; sourceTree = "<group>"; };
		8FB571DE25B73E9A007C28BC /* Alignment.swift */ = {isa = PBXFileReference; fileEncoding = 4; lastKnownFileType = sourcecode.swift; path = Alignment.swift; sourceTree = "<group>"; };
		8FB571EF25B73ECE007C28BC /* CurrentNoteMarker.swift */ = {isa = PBXFileReference; fileEncoding = 4; lastKnownFileType = sourcecode.swift; path = CurrentNoteMarker.swift; sourceTree = "<group>"; };
		8FB571F025B73ECE007C28BC /* MainNoteView.swift */ = {isa = PBXFileReference; fileEncoding = 4; lastKnownFileType = sourcecode.swift; path = MainNoteView.swift; sourceTree = "<group>"; };
		8FB571F125B73ECE007C28BC /* MatchedNoteView.swift */ = {isa = PBXFileReference; fileEncoding = 4; lastKnownFileType = sourcecode.swift; path = MatchedNoteView.swift; sourceTree = "<group>"; };
		8FB571F225B73ECF007C28BC /* MatchedNoteFrequency.swift */ = {isa = PBXFileReference; fileEncoding = 4; lastKnownFileType = sourcecode.swift; path = MatchedNoteFrequency.swift; sourceTree = "<group>"; };
		8FB571F325B73ECF007C28BC /* NoteDistanceMarkers.swift */ = {isa = PBXFileReference; fileEncoding = 4; lastKnownFileType = sourcecode.swift; path = NoteDistanceMarkers.swift; sourceTree = "<group>"; };
		8FB571F425B73ECF007C28BC /* TunerView.swift */ = {isa = PBXFileReference; fileEncoding = 4; lastKnownFileType = sourcecode.swift; path = TunerView.swift; sourceTree = "<group>"; };
		8FD5D592267849A000E5577D /* MicrophonePitchDetector */ = {isa = PBXFileReference; lastKnownFileType = folder; name = MicrophonePitchDetector; path = Packages/MicrophonePitchDetector; sourceTree = "<group>"; };
		8FE56CDA25BE05D20038664C /* ZenTunerTests.xctest */ = {isa = PBXFileReference; explicitFileType = wrapper.cfbundle; includeInIndex = 0; path = ZenTunerTests.xctest; sourceTree = BUILT_PRODUCTS_DIR; };
		8FE56CDC25BE05D20038664C /* TranspositionTests.swift */ = {isa = PBXFileReference; lastKnownFileType = sourcecode.swift; path = TranspositionTests.swift; sourceTree = "<group>"; };
		8FE56CDE25BE05D20038664C /* Info.plist */ = {isa = PBXFileReference; lastKnownFileType = text.plist.xml; path = Info.plist; sourceTree = "<group>"; };
/* End PBXFileReference section */

/* Begin PBXFrameworksBuildPhase section */
		8F3ECD002682821E00415B9F /* Frameworks */ = {
			isa = PBXFrameworksBuildPhase;
			buildActionMask = 2147483647;
			files = (
				8F3ECD2E268287AA00415B9F /* MicrophonePitchDetector in Frameworks */,
			);
			runOnlyForDeploymentPostprocessing = 0;
		};
		8FB571AE25B72147007C28BC /* Frameworks */ = {
			isa = PBXFrameworksBuildPhase;
			buildActionMask = 2147483647;
			files = (
				8FD5D594267849EF00E5577D /* MicrophonePitchDetector in Frameworks */,
			);
			runOnlyForDeploymentPostprocessing = 0;
		};
		8FB571B625B72147007C28BC /* Frameworks */ = {
			isa = PBXFrameworksBuildPhase;
			buildActionMask = 2147483647;
			files = (
				8FD5D596267849F500E5577D /* MicrophonePitchDetector in Frameworks */,
			);
			runOnlyForDeploymentPostprocessing = 0;
		};
		8FE56CD725BE05D20038664C /* Frameworks */ = {
			isa = PBXFrameworksBuildPhase;
			buildActionMask = 2147483647;
			files = (
				8F8F67C525C093640024B4CB /* SnapshotTesting in Frameworks */,
			);
			runOnlyForDeploymentPostprocessing = 0;
		};
/* End PBXFrameworksBuildPhase section */

/* Begin PBXGroup section */
		8F3ECCFC2682821900415B9F /* Zen Tuner WatchKit App */ = {
			isa = PBXGroup;
			children = (
				8F3ECD2F26828B3400415B9F /* Info.plist */,
			);
			path = "Zen Tuner WatchKit App";
			sourceTree = "<group>";
		};
		8F3ECD072682821E00415B9F /* Zen Tuner WatchKit Extension */ = {
			isa = PBXGroup;
			children = (
				8F3ECD132682822100415B9F /* Info.plist */,
			);
			path = "Zen Tuner WatchKit Extension";
			sourceTree = "<group>";
		};
		8F8B37602678069400BC3568 /* Packages */ = {
			isa = PBXGroup;
			children = (
				8FD5D592267849A000E5577D /* MicrophonePitchDetector */,
			);
			name = Packages;
			sourceTree = "<group>";
		};
		8FB571A425B72146007C28BC = {
			isa = PBXGroup;
			children = (
				8F8B37602678069400BC3568 /* Packages */,
				8FB571A925B72146007C28BC /* Shared */,
				8FB571B325B72147007C28BC /* iOS */,
				8FB571BA25B72147007C28BC /* macOS */,
				8FE56CDB25BE05D20038664C /* ZenTunerTests */,
				8F3ECCFC2682821900415B9F /* Zen Tuner WatchKit App */,
				8F3ECD072682821E00415B9F /* Zen Tuner WatchKit Extension */,
				8FB571B225B72147007C28BC /* Products */,
				8FB5720925B7412B007C28BC /* Frameworks */,
			);
			sourceTree = "<group>";
		};
		8FB571A925B72146007C28BC /* Shared */ = {
			isa = PBXGroup;
			children = (
				8FB571DC25B73E9A007C28BC /* Helpers */,
				8FB571D725B73E9A007C28BC /* Models */,
				8FB571AA25B72146007C28BC /* ZenTunerApp.swift */,
				8FB571D425B722F2007C28BC /* Views */,
				8FB571AC25B72147007C28BC /* Assets.xcassets */,
			);
			path = Shared;
			sourceTree = "<group>";
		};
		8FB571B225B72147007C28BC /* Products */ = {
			isa = PBXGroup;
			children = (
				8FB571B125B72147007C28BC /* ZenTuner.app */,
				8FB571B925B72147007C28BC /* ZenTuner.app */,
				8FE56CDA25BE05D20038664C /* ZenTunerTests.xctest */,
				8F3ECCF82682821900415B9F /* Zen Tuner WatchKit App.app */,
				8F3ECD032682821E00415B9F /* Zen Tuner WatchKit Extension.appex */,
			);
			name = Products;
			sourceTree = "<group>";
		};
		8FB571B325B72147007C28BC /* iOS */ = {
			isa = PBXGroup;
			children = (
				8FB571B425B72147007C28BC /* Info.plist */,
			);
			path = iOS;
			sourceTree = "<group>";
		};
		8FB571BA25B72147007C28BC /* macOS */ = {
			isa = PBXGroup;
			children = (
				8FB571BB25B72147007C28BC /* Info.plist */,
				8FB571BC25B72147007C28BC /* macOS.entitlements */,
			);
			path = macOS;
			sourceTree = "<group>";
		};
		8FB571D425B722F2007C28BC /* Views */ = {
			isa = PBXGroup;
			children = (
				8FB571EF25B73ECE007C28BC /* CurrentNoteMarker.swift */,
				8FB571F025B73ECE007C28BC /* MainNoteView.swift */,
				8FB571F225B73ECF007C28BC /* MatchedNoteFrequency.swift */,
				8FB571F125B73ECE007C28BC /* MatchedNoteView.swift */,
				8FB571F325B73ECF007C28BC /* NoteDistanceMarkers.swift */,
				8FB571F425B73ECF007C28BC /* TunerView.swift */,
				8F693E3825B87DB20054DB16 /* TranspositionMenu.swift */,
			);
			path = Views;
			sourceTree = "<group>";
		};
		8FB571D725B73E9A007C28BC /* Models */ = {
			isa = PBXGroup;
			children = (
				8FB571D925B73E9A007C28BC /* Frequency.swift */,
				8FB571D825B73E9A007C28BC /* ModifierPreference.swift */,
				8FB571DA25B73E9A007C28BC /* ScaleNote.swift */,
				8FB571DB25B73E9A007C28BC /* TunerData.swift */,
			);
			path = Models;
			sourceTree = "<group>";
		};
		8FB571DC25B73E9A007C28BC /* Helpers */ = {
			isa = PBXGroup;
			children = (
				8FB571DE25B73E9A007C28BC /* Alignment.swift */,
				8F13E1B525ED345700C3F23D /* ColorAnimation.swift */,
			);
			path = Helpers;
			sourceTree = "<group>";
		};
		8FB5720925B7412B007C28BC /* Frameworks */ = {
			isa = PBXGroup;
			children = (
			);
			name = Frameworks;
			sourceTree = "<group>";
		};
		8FE56CDB25BE05D20038664C /* ZenTunerTests */ = {
			isa = PBXGroup;
			children = (
				8FE56CDC25BE05D20038664C /* TranspositionTests.swift */,
				8F13E1C125ED533800C3F23D /* ClosestNoteTests.swift */,
				8F8F67CC25C0938F0024B4CB /* TunerViewSnapshotTests.swift */,
				8FE56CDE25BE05D20038664C /* Info.plist */,
			);
			path = ZenTunerTests;
			sourceTree = "<group>";
		};
/* End PBXGroup section */

/* Begin PBXNativeTarget section */
		8F3ECCF72682821900415B9F /* Zen Tuner WatchKit App */ = {
			isa = PBXNativeTarget;
			buildConfigurationList = 8F3ECD1D2682822100415B9F /* Build configuration list for PBXNativeTarget "Zen Tuner WatchKit App" */;
			buildPhases = (
				8F3ECCF62682821900415B9F /* Resources */,
				8F3ECD192682822100415B9F /* Embed App Extensions */,
			);
			buildRules = (
			);
			dependencies = (
				8F3ECD062682821E00415B9F /* PBXTargetDependency */,
			);
			name = "Zen Tuner WatchKit App";
			productName = "Zen Tuner WatchKit App";
			productReference = 8F3ECCF82682821900415B9F /* Zen Tuner WatchKit App.app */;
			productType = "com.apple.product-type.application.watchapp2";
		};
		8F3ECD022682821E00415B9F /* Zen Tuner WatchKit Extension */ = {
			isa = PBXNativeTarget;
			buildConfigurationList = 8F3ECD1C2682822100415B9F /* Build configuration list for PBXNativeTarget "Zen Tuner WatchKit Extension" */;
			buildPhases = (
				8F3ECCFF2682821E00415B9F /* Sources */,
				8F3ECD002682821E00415B9F /* Frameworks */,
				8F3ECD012682821E00415B9F /* Resources */,
			);
			buildRules = (
			);
			dependencies = (
			);
			name = "Zen Tuner WatchKit Extension";
			packageProductDependencies = (
				8F3ECD2D268287AA00415B9F /* MicrophonePitchDetector */,
			);
			productName = "Zen Tuner WatchKit Extension";
			productReference = 8F3ECD032682821E00415B9F /* Zen Tuner WatchKit Extension.appex */;
			productType = "com.apple.product-type.watchkit2-extension";
		};
		8FB571B025B72147007C28BC /* ZenTuner (iOS) */ = {
			isa = PBXNativeTarget;
			buildConfigurationList = 8FB571C525B72147007C28BC /* Build configuration list for PBXNativeTarget "ZenTuner (iOS)" */;
			buildPhases = (
				8FB571AD25B72147007C28BC /* Sources */,
				8FB571AE25B72147007C28BC /* Frameworks */,
				8FB571AF25B72147007C28BC /* Resources */,
			);
			buildRules = (
			);
			dependencies = (
			);
			name = "ZenTuner (iOS)";
			packageProductDependencies = (
				8FD5D593267849EF00E5577D /* MicrophonePitchDetector */,
			);
			productName = "ZenTuner (iOS)";
			productReference = 8FB571B125B72147007C28BC /* ZenTuner.app */;
			productType = "com.apple.product-type.application";
		};
		8FB571B825B72147007C28BC /* ZenTuner (macOS) */ = {
			isa = PBXNativeTarget;
			buildConfigurationList = 8FB571C825B72147007C28BC /* Build configuration list for PBXNativeTarget "ZenTuner (macOS)" */;
			buildPhases = (
				8FB571B525B72147007C28BC /* Sources */,
				8FB571B625B72147007C28BC /* Frameworks */,
				8FB571B725B72147007C28BC /* Resources */,
			);
			buildRules = (
			);
			dependencies = (
			);
			name = "ZenTuner (macOS)";
			packageProductDependencies = (
				8FD5D595267849F500E5577D /* MicrophonePitchDetector */,
			);
			productName = "ZenTuner (macOS)";
			productReference = 8FB571B925B72147007C28BC /* ZenTuner.app */;
			productType = "com.apple.product-type.application";
		};
		8FE56CD925BE05D20038664C /* ZenTunerTests */ = {
			isa = PBXNativeTarget;
			buildConfigurationList = 8FE56CE325BE05D20038664C /* Build configuration list for PBXNativeTarget "ZenTunerTests" */;
			buildPhases = (
				8FE56CD625BE05D20038664C /* Sources */,
				8FE56CD725BE05D20038664C /* Frameworks */,
				8FE56CD825BE05D20038664C /* Resources */,
			);
			buildRules = (
			);
			dependencies = (
				8FE56CE025BE05D20038664C /* PBXTargetDependency */,
			);
			name = ZenTunerTests;
			packageProductDependencies = (
				8F8F67C425C093640024B4CB /* SnapshotTesting */,
			);
			productName = ZenTunerTests;
			productReference = 8FE56CDA25BE05D20038664C /* ZenTunerTests.xctest */;
			productType = "com.apple.product-type.bundle.unit-test";
		};
/* End PBXNativeTarget section */

/* Begin PBXProject section */
		8FB571A525B72146007C28BC /* Project object */ = {
			isa = PBXProject;
			attributes = {
				LastSwiftUpdateCheck = 1300;
				LastUpgradeCheck = 1220;
				TargetAttributes = {
					8F3ECCF72682821900415B9F = {
						CreatedOnToolsVersion = 13.0;
					};
					8F3ECD022682821E00415B9F = {
						CreatedOnToolsVersion = 13.0;
					};
					8FB571B025B72147007C28BC = {
						CreatedOnToolsVersion = 12.2;
					};
					8FB571B825B72147007C28BC = {
						CreatedOnToolsVersion = 12.2;
					};
					8FE56CD925BE05D20038664C = {
						CreatedOnToolsVersion = 12.2;
						TestTargetID = 8FB571B025B72147007C28BC;
					};
				};
			};
			buildConfigurationList = 8FB571A825B72146007C28BC /* Build configuration list for PBXProject "ZenTuner" */;
			compatibilityVersion = "Xcode 9.3";
			developmentRegion = en;
			hasScannedForEncodings = 0;
			knownRegions = (
				en,
				Base,
			);
			mainGroup = 8FB571A425B72146007C28BC;
			packageReferences = (
				8F8F67C325C093640024B4CB /* XCRemoteSwiftPackageReference "swift-snapshot-testing" */,
			);
			productRefGroup = 8FB571B225B72147007C28BC /* Products */;
			projectDirPath = "";
			projectRoot = "";
			targets = (
				8FB571B025B72147007C28BC /* ZenTuner (iOS) */,
				8FB571B825B72147007C28BC /* ZenTuner (macOS) */,
				8F3ECCF72682821900415B9F /* Zen Tuner WatchKit App */,
				8F3ECD022682821E00415B9F /* Zen Tuner WatchKit Extension */,
				8FE56CD925BE05D20038664C /* ZenTunerTests */,
			);
		};
/* End PBXProject section */

/* Begin PBXResourcesBuildPhase section */
		8F3ECCF62682821900415B9F /* Resources */ = {
			isa = PBXResourcesBuildPhase;
			buildActionMask = 2147483647;
			files = (
				8FABB9102683AAD000A7D824 /* Assets.xcassets in Resources */,
			);
			runOnlyForDeploymentPostprocessing = 0;
		};
		8F3ECD012682821E00415B9F /* Resources */ = {
			isa = PBXResourcesBuildPhase;
			buildActionMask = 2147483647;
			files = (
			);
			runOnlyForDeploymentPostprocessing = 0;
		};
		8FB571AF25B72147007C28BC /* Resources */ = {
			isa = PBXResourcesBuildPhase;
			buildActionMask = 2147483647;
			files = (
				8FB571C125B72147007C28BC /* Assets.xcassets in Resources */,
			);
			runOnlyForDeploymentPostprocessing = 0;
		};
		8FB571B725B72147007C28BC /* Resources */ = {
			isa = PBXResourcesBuildPhase;
			buildActionMask = 2147483647;
			files = (
				8FB571C225B72147007C28BC /* Assets.xcassets in Resources */,
			);
			runOnlyForDeploymentPostprocessing = 0;
		};
		8FE56CD825BE05D20038664C /* Resources */ = {
			isa = PBXResourcesBuildPhase;
			buildActionMask = 2147483647;
			files = (
			);
			runOnlyForDeploymentPostprocessing = 0;
		};
/* End PBXResourcesBuildPhase section */

/* Begin PBXSourcesBuildPhase section */
		8F3ECCFF2682821E00415B9F /* Sources */ = {
			isa = PBXSourcesBuildPhase;
			buildActionMask = 2147483647;
			files = (
				8F3ECD222682834700415B9F /* ScaleNote.swift in Sources */,
				8F3ECD252682838D00415B9F /* NoteDistanceMarkers.swift in Sources */,
				8F3ECD292682838D00415B9F /* MatchedNoteFrequency.swift in Sources */,
				8F3ECD272682838D00415B9F /* CurrentNoteMarker.swift in Sources */,
				8F3ECD2C268284AC00415B9F /* ZenTunerApp.swift in Sources */,
				8F3ECD212682834700415B9F /* Frequency.swift in Sources */,
				8F3ECD232682837800415B9F /* Alignment.swift in Sources */,
				8F3ECD2A2682838D00415B9F /* TunerView.swift in Sources */,
				8F3ECD262682838D00415B9F /* MatchedNoteView.swift in Sources */,
				8F3ECD282682838D00415B9F /* MainNoteView.swift in Sources */,
				8F3ECD202682834700415B9F /* TunerData.swift in Sources */,
				8F3ECD2B2682843400415B9F /* ColorAnimation.swift in Sources */,
				8F3ECD1F2682834700415B9F /* ModifierPreference.swift in Sources */,
			);
			runOnlyForDeploymentPostprocessing = 0;
		};
		8FB571AD25B72147007C28BC /* Sources */ = {
			isa = PBXSourcesBuildPhase;
			buildActionMask = 2147483647;
			files = (
				8FB571E525B73E9A007C28BC /* TunerData.swift in Sources */,
				8F13E1B625ED345700C3F23D /* ColorAnimation.swift in Sources */,
				8FB571F525B73ECF007C28BC /* CurrentNoteMarker.swift in Sources */,
				8FB571F925B73ECF007C28BC /* MatchedNoteView.swift in Sources */,
				8FB571E925B73E9A007C28BC /* Alignment.swift in Sources */,
				8FB571E325B73E9A007C28BC /* ScaleNote.swift in Sources */,
				8FB571E125B73E9A007C28BC /* Frequency.swift in Sources */,
				8FB571FD25B73ECF007C28BC /* NoteDistanceMarkers.swift in Sources */,
				8FB571FF25B73ECF007C28BC /* TunerView.swift in Sources */,
				8FB571BD25B72147007C28BC /* ZenTunerApp.swift in Sources */,
				8FB571DF25B73E9A007C28BC /* ModifierPreference.swift in Sources */,
				8FB571F725B73ECF007C28BC /* MainNoteView.swift in Sources */,
				8F693E3925B87DB20054DB16 /* TranspositionMenu.swift in Sources */,
				8FB571FB25B73ECF007C28BC /* MatchedNoteFrequency.swift in Sources */,
			);
			runOnlyForDeploymentPostprocessing = 0;
		};
		8FB571B525B72147007C28BC /* Sources */ = {
			isa = PBXSourcesBuildPhase;
			buildActionMask = 2147483647;
			files = (
				8FB571E625B73E9A007C28BC /* TunerData.swift in Sources */,
				8F13E1B725ED345700C3F23D /* ColorAnimation.swift in Sources */,
				8FB571F625B73ECF007C28BC /* CurrentNoteMarker.swift in Sources */,
				8FB571FA25B73ECF007C28BC /* MatchedNoteView.swift in Sources */,
				8FB571EA25B73E9A007C28BC /* Alignment.swift in Sources */,
				8FB571E425B73E9A007C28BC /* ScaleNote.swift in Sources */,
				8FB571E225B73E9A007C28BC /* Frequency.swift in Sources */,
				8FB571FE25B73ECF007C28BC /* NoteDistanceMarkers.swift in Sources */,
				8FB5720025B73ECF007C28BC /* TunerView.swift in Sources */,
				8FB571BE25B72147007C28BC /* ZenTunerApp.swift in Sources */,
				8FB571E025B73E9A007C28BC /* ModifierPreference.swift in Sources */,
				8FB571F825B73ECF007C28BC /* MainNoteView.swift in Sources */,
				8F693E3A25B87DB20054DB16 /* TranspositionMenu.swift in Sources */,
				8FB571FC25B73ECF007C28BC /* MatchedNoteFrequency.swift in Sources */,
			);
			runOnlyForDeploymentPostprocessing = 0;
		};
		8FE56CD625BE05D20038664C /* Sources */ = {
			isa = PBXSourcesBuildPhase;
			buildActionMask = 2147483647;
			files = (
				8FE56CDD25BE05D20038664C /* TranspositionTests.swift in Sources */,
				8F8F67CD25C0938F0024B4CB /* TunerViewSnapshotTests.swift in Sources */,
				8F13E1C225ED533800C3F23D /* ClosestNoteTests.swift in Sources */,
			);
			runOnlyForDeploymentPostprocessing = 0;
		};
/* End PBXSourcesBuildPhase section */

/* Begin PBXTargetDependency section */
		8F3ECD062682821E00415B9F /* PBXTargetDependency */ = {
			isa = PBXTargetDependency;
			target = 8F3ECD022682821E00415B9F /* Zen Tuner WatchKit Extension */;
			targetProxy = 8F3ECD052682821E00415B9F /* PBXContainerItemProxy */;
		};
		8FE56CE025BE05D20038664C /* PBXTargetDependency */ = {
			isa = PBXTargetDependency;
			target = 8FB571B025B72147007C28BC /* ZenTuner (iOS) */;
			targetProxy = 8FE56CDF25BE05D20038664C /* PBXContainerItemProxy */;
		};
/* End PBXTargetDependency section */

/* Begin XCBuildConfiguration section */
		8F3ECD172682822100415B9F /* Debug */ = {
			isa = XCBuildConfiguration;
			buildSettings = {
				ALWAYS_EMBED_SWIFT_STANDARD_LIBRARIES = YES;
				ASSETCATALOG_COMPILER_APPICON_NAME = AppIcon;
				ASSETCATALOG_COMPILER_GLOBAL_ACCENT_COLOR_NAME = AccentColor;
				CODE_SIGN_STYLE = Automatic;
				CURRENT_PROJECT_VERSION = 1;
				DEVELOPMENT_TEAM = X4ST43AL9W;
				GENERATE_INFOPLIST_FILE = YES;
				IBSC_MODULE = Zen_Tuner_WatchKit_Extension;
				INFOPLIST_FILE = "Zen Tuner WatchKit App/Info.plist";
				INFOPLIST_KEY_CFBundleDisplayName = "Zen Tuner";
				INFOPLIST_KEY_CFBundleExecutable = "Zen Tuner WatchKit App";
				INFOPLIST_KEY_CFBundleName = "Zen Tuner WatchKit App";
				INFOPLIST_KEY_CFBundleVersion = 12;
				INFOPLIST_KEY_UISupportedInterfaceOrientations = "UIInterfaceOrientationPortrait UIInterfaceOrientationPortraitUpsideDown";
				MARKETING_VERSION = 0.2.0;
				PRODUCT_BUNDLE_IDENTIFIER = com.jpsim.zen.tuner.watchkitapp;
				PRODUCT_NAME = "$(TARGET_NAME)";
				SDKROOT = watchos;
				SKIP_INSTALL = YES;
				SWIFT_EMIT_LOC_STRINGS = YES;
				SWIFT_VERSION = 5.0;
				TARGETED_DEVICE_FAMILY = 4;
				WATCHOS_DEPLOYMENT_TARGET = 8.0;
			};
			name = Debug;
		};
		8F3ECD182682822100415B9F /* Release */ = {
			isa = XCBuildConfiguration;
			buildSettings = {
				ALWAYS_EMBED_SWIFT_STANDARD_LIBRARIES = YES;
				ASSETCATALOG_COMPILER_APPICON_NAME = AppIcon;
				ASSETCATALOG_COMPILER_GLOBAL_ACCENT_COLOR_NAME = AccentColor;
				CODE_SIGN_STYLE = Automatic;
				CURRENT_PROJECT_VERSION = 1;
				DEVELOPMENT_TEAM = X4ST43AL9W;
				GENERATE_INFOPLIST_FILE = YES;
				IBSC_MODULE = Zen_Tuner_WatchKit_Extension;
				INFOPLIST_FILE = "Zen Tuner WatchKit App/Info.plist";
				INFOPLIST_KEY_CFBundleDisplayName = "Zen Tuner";
				INFOPLIST_KEY_CFBundleExecutable = "Zen Tuner WatchKit App";
				INFOPLIST_KEY_CFBundleName = "Zen Tuner WatchKit App";
				INFOPLIST_KEY_CFBundleVersion = 12;
				INFOPLIST_KEY_UISupportedInterfaceOrientations = "UIInterfaceOrientationPortrait UIInterfaceOrientationPortraitUpsideDown";
				MARKETING_VERSION = 0.2.0;
				PRODUCT_BUNDLE_IDENTIFIER = com.jpsim.zen.tuner.watchkitapp;
				PRODUCT_NAME = "$(TARGET_NAME)";
				SDKROOT = watchos;
				SKIP_INSTALL = YES;
				SWIFT_EMIT_LOC_STRINGS = YES;
				SWIFT_VERSION = 5.0;
				TARGETED_DEVICE_FAMILY = 4;
				VALIDATE_PRODUCT = YES;
				WATCHOS_DEPLOYMENT_TARGET = 8.0;
			};
			name = Release;
		};
		8F3ECD1A2682822100415B9F /* Debug */ = {
			isa = XCBuildConfiguration;
			buildSettings = {
				ASSETCATALOG_COMPILER_COMPLICATION_NAME = Complication;
				CODE_SIGN_STYLE = Automatic;
				CURRENT_PROJECT_VERSION = 1;
				DEVELOPMENT_ASSET_PATHS = "";
				DEVELOPMENT_TEAM = X4ST43AL9W;
				ENABLE_PREVIEWS = YES;
				GENERATE_INFOPLIST_FILE = YES;
				INFOPLIST_FILE = "Zen Tuner WatchKit Extension/Info.plist";
				INFOPLIST_KEY_CFBundleDisplayName = "Zen Tuner WatchKit Extension";
				INFOPLIST_KEY_CFBundleExecutable = "Zen Tuner WatchKit Extension";
				INFOPLIST_KEY_CFBundleName = "Zen Tuner WatchKit Extension";
				INFOPLIST_KEY_CFBundleVersion = 12;
				INFOPLIST_KEY_NSHumanReadableCopyright = "";
				INFOPLIST_KEY_WKWatchOnly = YES;
				LD_RUNPATH_SEARCH_PATHS = (
					"$(inherited)",
					"@executable_path/Frameworks",
					"@executable_path/../../Frameworks",
				);
				MARKETING_VERSION = 0.2.0;
				PRODUCT_BUNDLE_IDENTIFIER = com.jpsim.zen.tuner.watchkitapp.watchkitextension;
				PRODUCT_NAME = "${TARGET_NAME}";
				SDKROOT = watchos;
				SKIP_INSTALL = YES;
				SWIFT_EMIT_LOC_STRINGS = YES;
				SWIFT_VERSION = 5.0;
				TARGETED_DEVICE_FAMILY = 4;
				WATCHOS_DEPLOYMENT_TARGET = 8.0;
			};
			name = Debug;
		};
		8F3ECD1B2682822100415B9F /* Release */ = {
			isa = XCBuildConfiguration;
			buildSettings = {
				ASSETCATALOG_COMPILER_COMPLICATION_NAME = Complication;
				CODE_SIGN_STYLE = Automatic;
				CURRENT_PROJECT_VERSION = 1;
				DEVELOPMENT_ASSET_PATHS = "";
				DEVELOPMENT_TEAM = X4ST43AL9W;
				ENABLE_PREVIEWS = YES;
				GENERATE_INFOPLIST_FILE = YES;
				INFOPLIST_FILE = "Zen Tuner WatchKit Extension/Info.plist";
				INFOPLIST_KEY_CFBundleDisplayName = "Zen Tuner WatchKit Extension";
				INFOPLIST_KEY_CFBundleExecutable = "Zen Tuner WatchKit Extension";
				INFOPLIST_KEY_CFBundleName = "Zen Tuner WatchKit Extension";
				INFOPLIST_KEY_CFBundleVersion = 12;
				INFOPLIST_KEY_NSHumanReadableCopyright = "";
				INFOPLIST_KEY_WKWatchOnly = YES;
				LD_RUNPATH_SEARCH_PATHS = (
					"$(inherited)",
					"@executable_path/Frameworks",
					"@executable_path/../../Frameworks",
				);
				MARKETING_VERSION = 0.2.0;
				PRODUCT_BUNDLE_IDENTIFIER = com.jpsim.zen.tuner.watchkitapp.watchkitextension;
				PRODUCT_NAME = "${TARGET_NAME}";
				SDKROOT = watchos;
				SKIP_INSTALL = YES;
				SWIFT_EMIT_LOC_STRINGS = YES;
				SWIFT_VERSION = 5.0;
				TARGETED_DEVICE_FAMILY = 4;
				VALIDATE_PRODUCT = YES;
				WATCHOS_DEPLOYMENT_TARGET = 8.0;
			};
			name = Release;
		};
		8FB571C325B72147007C28BC /* Debug */ = {
			isa = XCBuildConfiguration;
			buildSettings = {
				ALWAYS_SEARCH_USER_PATHS = NO;
				CLANG_ANALYZER_NONNULL = YES;
				CLANG_ANALYZER_NUMBER_OBJECT_CONVERSION = YES_AGGRESSIVE;
				CLANG_CXX_LANGUAGE_STANDARD = "gnu++14";
				CLANG_CXX_LIBRARY = "libc++";
				CLANG_ENABLE_MODULES = YES;
				CLANG_ENABLE_OBJC_ARC = YES;
				CLANG_ENABLE_OBJC_WEAK = YES;
				CLANG_WARN_BLOCK_CAPTURE_AUTORELEASING = YES;
				CLANG_WARN_BOOL_CONVERSION = YES;
				CLANG_WARN_COMMA = YES;
				CLANG_WARN_CONSTANT_CONVERSION = YES;
				CLANG_WARN_DEPRECATED_OBJC_IMPLEMENTATIONS = YES;
				CLANG_WARN_DIRECT_OBJC_ISA_USAGE = YES_ERROR;
				CLANG_WARN_DOCUMENTATION_COMMENTS = YES;
				CLANG_WARN_EMPTY_BODY = YES;
				CLANG_WARN_ENUM_CONVERSION = YES;
				CLANG_WARN_INFINITE_RECURSION = YES;
				CLANG_WARN_INT_CONVERSION = YES;
				CLANG_WARN_NON_LITERAL_NULL_CONVERSION = YES;
				CLANG_WARN_OBJC_IMPLICIT_RETAIN_SELF = YES;
				CLANG_WARN_OBJC_LITERAL_CONVERSION = YES;
				CLANG_WARN_OBJC_ROOT_CLASS = YES_ERROR;
				CLANG_WARN_QUOTED_INCLUDE_IN_FRAMEWORK_HEADER = YES;
				CLANG_WARN_RANGE_LOOP_ANALYSIS = YES;
				CLANG_WARN_STRICT_PROTOTYPES = YES;
				CLANG_WARN_SUSPICIOUS_MOVE = YES;
				CLANG_WARN_UNGUARDED_AVAILABILITY = YES_AGGRESSIVE;
				CLANG_WARN_UNREACHABLE_CODE = YES;
				CLANG_WARN__DUPLICATE_METHOD_MATCH = YES;
				COPY_PHASE_STRIP = NO;
				CURRENT_PROJECT_VERSION = 10;
				DEBUG_INFORMATION_FORMAT = dwarf;
				ENABLE_STRICT_OBJC_MSGSEND = YES;
				ENABLE_TESTABILITY = YES;
				GCC_C_LANGUAGE_STANDARD = gnu11;
				GCC_DYNAMIC_NO_PIC = NO;
				GCC_NO_COMMON_BLOCKS = YES;
				GCC_OPTIMIZATION_LEVEL = 0;
				GCC_PREPROCESSOR_DEFINITIONS = (
					"DEBUG=1",
					"$(inherited)",
				);
				GCC_WARN_64_TO_32_BIT_CONVERSION = YES;
				GCC_WARN_ABOUT_RETURN_TYPE = YES_ERROR;
				GCC_WARN_UNDECLARED_SELECTOR = YES;
				GCC_WARN_UNINITIALIZED_AUTOS = YES_AGGRESSIVE;
				GCC_WARN_UNUSED_FUNCTION = YES;
				GCC_WARN_UNUSED_VARIABLE = YES;
				MTL_ENABLE_DEBUG_INFO = INCLUDE_SOURCE;
				MTL_FAST_MATH = YES;
				ONLY_ACTIVE_ARCH = YES;
				SWIFT_ACTIVE_COMPILATION_CONDITIONS = DEBUG;
				SWIFT_OPTIMIZATION_LEVEL = "-Onone";
				VERSIONING_SYSTEM = "apple-generic";
			};
			name = Debug;
		};
		8FB571C425B72147007C28BC /* Release */ = {
			isa = XCBuildConfiguration;
			buildSettings = {
				ALWAYS_SEARCH_USER_PATHS = NO;
				CLANG_ANALYZER_NONNULL = YES;
				CLANG_ANALYZER_NUMBER_OBJECT_CONVERSION = YES_AGGRESSIVE;
				CLANG_CXX_LANGUAGE_STANDARD = "gnu++14";
				CLANG_CXX_LIBRARY = "libc++";
				CLANG_ENABLE_MODULES = YES;
				CLANG_ENABLE_OBJC_ARC = YES;
				CLANG_ENABLE_OBJC_WEAK = YES;
				CLANG_WARN_BLOCK_CAPTURE_AUTORELEASING = YES;
				CLANG_WARN_BOOL_CONVERSION = YES;
				CLANG_WARN_COMMA = YES;
				CLANG_WARN_CONSTANT_CONVERSION = YES;
				CLANG_WARN_DEPRECATED_OBJC_IMPLEMENTATIONS = YES;
				CLANG_WARN_DIRECT_OBJC_ISA_USAGE = YES_ERROR;
				CLANG_WARN_DOCUMENTATION_COMMENTS = YES;
				CLANG_WARN_EMPTY_BODY = YES;
				CLANG_WARN_ENUM_CONVERSION = YES;
				CLANG_WARN_INFINITE_RECURSION = YES;
				CLANG_WARN_INT_CONVERSION = YES;
				CLANG_WARN_NON_LITERAL_NULL_CONVERSION = YES;
				CLANG_WARN_OBJC_IMPLICIT_RETAIN_SELF = YES;
				CLANG_WARN_OBJC_LITERAL_CONVERSION = YES;
				CLANG_WARN_OBJC_ROOT_CLASS = YES_ERROR;
				CLANG_WARN_QUOTED_INCLUDE_IN_FRAMEWORK_HEADER = YES;
				CLANG_WARN_RANGE_LOOP_ANALYSIS = YES;
				CLANG_WARN_STRICT_PROTOTYPES = YES;
				CLANG_WARN_SUSPICIOUS_MOVE = YES;
				CLANG_WARN_UNGUARDED_AVAILABILITY = YES_AGGRESSIVE;
				CLANG_WARN_UNREACHABLE_CODE = YES;
				CLANG_WARN__DUPLICATE_METHOD_MATCH = YES;
				COPY_PHASE_STRIP = NO;
				CURRENT_PROJECT_VERSION = 10;
				DEBUG_INFORMATION_FORMAT = "dwarf-with-dsym";
				ENABLE_NS_ASSERTIONS = NO;
				ENABLE_STRICT_OBJC_MSGSEND = YES;
				GCC_C_LANGUAGE_STANDARD = gnu11;
				GCC_NO_COMMON_BLOCKS = YES;
				GCC_WARN_64_TO_32_BIT_CONVERSION = YES;
				GCC_WARN_ABOUT_RETURN_TYPE = YES_ERROR;
				GCC_WARN_UNDECLARED_SELECTOR = YES;
				GCC_WARN_UNINITIALIZED_AUTOS = YES_AGGRESSIVE;
				GCC_WARN_UNUSED_FUNCTION = YES;
				GCC_WARN_UNUSED_VARIABLE = YES;
				MTL_ENABLE_DEBUG_INFO = NO;
				MTL_FAST_MATH = YES;
				SWIFT_COMPILATION_MODE = wholemodule;
				SWIFT_OPTIMIZATION_LEVEL = "-O";
				VERSIONING_SYSTEM = "apple-generic";
			};
			name = Release;
		};
		8FB571C625B72147007C28BC /* Debug */ = {
			isa = XCBuildConfiguration;
			buildSettings = {
				ASSETCATALOG_COMPILER_APPICON_NAME = AppIcon;
				ASSETCATALOG_COMPILER_GLOBAL_ACCENT_COLOR_NAME = AccentColor;
				CODE_SIGN_STYLE = Automatic;
				CURRENT_PROJECT_VERSION = 12;
				DEVELOPMENT_TEAM = X4ST43AL9W;
				ENABLE_PREVIEWS = YES;
				INFOPLIST_FILE = iOS/Info.plist;
				IPHONEOS_DEPLOYMENT_TARGET = 14.0;
				LD_RUNPATH_SEARCH_PATHS = (
					"$(inherited)",
					"@executable_path/Frameworks",
				);
				MARKETING_VERSION = 0.2.0;
				PRODUCT_BUNDLE_IDENTIFIER = com.jpsim.zen.tuner;
				PRODUCT_NAME = ZenTuner;
				SDKROOT = iphoneos;
				SWIFT_VERSION = 5.0;
				TARGETED_DEVICE_FAMILY = "1,2";
				VERSIONING_SYSTEM = "apple-generic";
			};
			name = Debug;
		};
		8FB571C725B72147007C28BC /* Release */ = {
			isa = XCBuildConfiguration;
			buildSettings = {
				ASSETCATALOG_COMPILER_APPICON_NAME = AppIcon;
				ASSETCATALOG_COMPILER_GLOBAL_ACCENT_COLOR_NAME = AccentColor;
				CODE_SIGN_STYLE = Automatic;
				CURRENT_PROJECT_VERSION = 12;
				DEVELOPMENT_TEAM = X4ST43AL9W;
				ENABLE_PREVIEWS = YES;
				INFOPLIST_FILE = iOS/Info.plist;
				IPHONEOS_DEPLOYMENT_TARGET = 14.0;
				LD_RUNPATH_SEARCH_PATHS = (
					"$(inherited)",
					"@executable_path/Frameworks",
				);
				MARKETING_VERSION = 0.2.0;
				PRODUCT_BUNDLE_IDENTIFIER = com.jpsim.zen.tuner;
				PRODUCT_NAME = ZenTuner;
				SDKROOT = iphoneos;
				SWIFT_VERSION = 5.0;
				TARGETED_DEVICE_FAMILY = "1,2";
				VALIDATE_PRODUCT = YES;
				VERSIONING_SYSTEM = "apple-generic";
			};
			name = Release;
		};
		8FB571C925B72147007C28BC /* Debug */ = {
			isa = XCBuildConfiguration;
			buildSettings = {
				ASSETCATALOG_COMPILER_APPICON_NAME = AppIcon;
				ASSETCATALOG_COMPILER_GLOBAL_ACCENT_COLOR_NAME = AccentColor;
				CODE_SIGN_ENTITLEMENTS = macOS/macOS.entitlements;
				CODE_SIGN_STYLE = Automatic;
				COMBINE_HIDPI_IMAGES = YES;
				CURRENT_PROJECT_VERSION = 12;
				DEVELOPMENT_TEAM = X4ST43AL9W;
				ENABLE_HARDENED_RUNTIME = YES;
				ENABLE_PREVIEWS = YES;
				INFOPLIST_FILE = macOS/Info.plist;
				LD_RUNPATH_SEARCH_PATHS = (
					"$(inherited)",
					"@executable_path/../Frameworks",
				);
				MACOSX_DEPLOYMENT_TARGET = 11.0;
				MARKETING_VERSION = 0.2.0;
				PRODUCT_BUNDLE_IDENTIFIER = com.jpsim.zen.tuner;
				PRODUCT_NAME = ZenTuner;
				SDKROOT = macosx;
				SWIFT_VERSION = 5.0;
				VERSIONING_SYSTEM = "apple-generic";
			};
			name = Debug;
		};
		8FB571CA25B72147007C28BC /* Release */ = {
			isa = XCBuildConfiguration;
			buildSettings = {
				ASSETCATALOG_COMPILER_APPICON_NAME = AppIcon;
				ASSETCATALOG_COMPILER_GLOBAL_ACCENT_COLOR_NAME = AccentColor;
				CODE_SIGN_ENTITLEMENTS = macOS/macOS.entitlements;
				CODE_SIGN_STYLE = Automatic;
				COMBINE_HIDPI_IMAGES = YES;
				CURRENT_PROJECT_VERSION = 12;
				DEVELOPMENT_TEAM = X4ST43AL9W;
				ENABLE_HARDENED_RUNTIME = YES;
				ENABLE_PREVIEWS = YES;
				INFOPLIST_FILE = macOS/Info.plist;
				LD_RUNPATH_SEARCH_PATHS = (
					"$(inherited)",
					"@executable_path/../Frameworks",
				);
				MACOSX_DEPLOYMENT_TARGET = 11.0;
				MARKETING_VERSION = 0.2.0;
				PRODUCT_BUNDLE_IDENTIFIER = com.jpsim.zen.tuner;
				PRODUCT_NAME = ZenTuner;
				SDKROOT = macosx;
				SWIFT_VERSION = 5.0;
				VERSIONING_SYSTEM = "apple-generic";
			};
			name = Release;
		};
		8FE56CE125BE05D20038664C /* Debug */ = {
			isa = XCBuildConfiguration;
			buildSettings = {
				BUNDLE_LOADER = "$(TEST_HOST)";
				CODE_SIGN_STYLE = Automatic;
				CURRENT_PROJECT_VERSION = 10;
				DEVELOPMENT_TEAM = 865LEQR26C;
				INFOPLIST_FILE = ZenTunerTests/Info.plist;
				IPHONEOS_DEPLOYMENT_TARGET = 14.2;
				LD_RUNPATH_SEARCH_PATHS = (
					"$(inherited)",
					"@executable_path/Frameworks",
					"@loader_path/Frameworks",
				);
				PRODUCT_BUNDLE_IDENTIFIER = com.jpsim.zen.tunerTests;
				PRODUCT_NAME = "$(TARGET_NAME)";
				SDKROOT = iphoneos;
				SWIFT_VERSION = 5.0;
				TARGETED_DEVICE_FAMILY = "1,2";
				TEST_HOST = "$(BUILT_PRODUCTS_DIR)/ZenTuner.app/ZenTuner";
				VERSIONING_SYSTEM = "apple-generic";
			};
			name = Debug;
		};
		8FE56CE225BE05D20038664C /* Release */ = {
			isa = XCBuildConfiguration;
			buildSettings = {
				BUNDLE_LOADER = "$(TEST_HOST)";
				CODE_SIGN_STYLE = Automatic;
				CURRENT_PROJECT_VERSION = 10;
				DEVELOPMENT_TEAM = 865LEQR26C;
				INFOPLIST_FILE = ZenTunerTests/Info.plist;
				IPHONEOS_DEPLOYMENT_TARGET = 14.2;
				LD_RUNPATH_SEARCH_PATHS = (
					"$(inherited)",
					"@executable_path/Frameworks",
					"@loader_path/Frameworks",
				);
				PRODUCT_BUNDLE_IDENTIFIER = com.jpsim.zen.tunerTests;
				PRODUCT_NAME = "$(TARGET_NAME)";
				SDKROOT = iphoneos;
				SWIFT_VERSION = 5.0;
				TARGETED_DEVICE_FAMILY = "1,2";
				TEST_HOST = "$(BUILT_PRODUCTS_DIR)/ZenTuner.app/ZenTuner";
				VALIDATE_PRODUCT = YES;
				VERSIONING_SYSTEM = "apple-generic";
			};
			name = Release;
		};
/* End XCBuildConfiguration section */

/* Begin XCConfigurationList section */
		8F3ECD1C2682822100415B9F /* Build configuration list for PBXNativeTarget "Zen Tuner WatchKit Extension" */ = {
			isa = XCConfigurationList;
			buildConfigurations = (
				8F3ECD1A2682822100415B9F /* Debug */,
				8F3ECD1B2682822100415B9F /* Release */,
			);
			defaultConfigurationIsVisible = 0;
			defaultConfigurationName = Release;
		};
		8F3ECD1D2682822100415B9F /* Build configuration list for PBXNativeTarget "Zen Tuner WatchKit App" */ = {
			isa = XCConfigurationList;
			buildConfigurations = (
				8F3ECD172682822100415B9F /* Debug */,
				8F3ECD182682822100415B9F /* Release */,
			);
			defaultConfigurationIsVisible = 0;
			defaultConfigurationName = Release;
		};
		8FB571A825B72146007C28BC /* Build configuration list for PBXProject "ZenTuner" */ = {
			isa = XCConfigurationList;
			buildConfigurations = (
				8FB571C325B72147007C28BC /* Debug */,
				8FB571C425B72147007C28BC /* Release */,
			);
			defaultConfigurationIsVisible = 0;
			defaultConfigurationName = Release;
		};
		8FB571C525B72147007C28BC /* Build configuration list for PBXNativeTarget "ZenTuner (iOS)" */ = {
			isa = XCConfigurationList;
			buildConfigurations = (
				8FB571C625B72147007C28BC /* Debug */,
				8FB571C725B72147007C28BC /* Release */,
			);
			defaultConfigurationIsVisible = 0;
			defaultConfigurationName = Release;
		};
		8FB571C825B72147007C28BC /* Build configuration list for PBXNativeTarget "ZenTuner (macOS)" */ = {
			isa = XCConfigurationList;
			buildConfigurations = (
				8FB571C925B72147007C28BC /* Debug */,
				8FB571CA25B72147007C28BC /* Release */,
			);
			defaultConfigurationIsVisible = 0;
			defaultConfigurationName = Release;
		};
		8FE56CE325BE05D20038664C /* Build configuration list for PBXNativeTarget "ZenTunerTests" */ = {
			isa = XCConfigurationList;
			buildConfigurations = (
				8FE56CE125BE05D20038664C /* Debug */,
				8FE56CE225BE05D20038664C /* Release */,
			);
			defaultConfigurationIsVisible = 0;
			defaultConfigurationName = Release;
		};
/* End XCConfigurationList section */

/* Begin XCRemoteSwiftPackageReference section */
		8F8F67C325C093640024B4CB /* XCRemoteSwiftPackageReference "swift-snapshot-testing" */ = {
			isa = XCRemoteSwiftPackageReference;
			repositoryURL = "https://github.com/pointfreeco/swift-snapshot-testing";
			requirement = {
				kind = upToNextMajorVersion;
				minimumVersion = 1.8.2;
			};
		};
/* End XCRemoteSwiftPackageReference section */

/* Begin XCSwiftPackageProductDependency section */
		8F3ECD2D268287AA00415B9F /* MicrophonePitchDetector */ = {
			isa = XCSwiftPackageProductDependency;
			productName = MicrophonePitchDetector;
		};
		8F8F67C425C093640024B4CB /* SnapshotTesting */ = {
			isa = XCSwiftPackageProductDependency;
			package = 8F8F67C325C093640024B4CB /* XCRemoteSwiftPackageReference "swift-snapshot-testing" */;
			productName = SnapshotTesting;
		};
		8FD5D593267849EF00E5577D /* MicrophonePitchDetector */ = {
			isa = XCSwiftPackageProductDependency;
			productName = MicrophonePitchDetector;
		};
		8FD5D595267849F500E5577D /* MicrophonePitchDetector */ = {
			isa = XCSwiftPackageProductDependency;
			productName = MicrophonePitchDetector;
		};
/* End XCSwiftPackageProductDependency section */
	};
	rootObject = 8FB571A525B72146007C28BC /* Project object */;
}
